// !$*UTF8*$!
{
	archiveVersion = 1;
	classes = {
	};
	objectVersion = 50;
	objects = {

/* Begin PBXBuildFile section */
		860906DA2301CD5B00343C4A /* AppDelegate.swift in Sources */ = {isa = PBXBuildFile; fileRef = 860906D92301CD5B00343C4A /* AppDelegate.swift */; };
		860906DF2301CD5B00343C4A /* Main.storyboard in Resources */ = {isa = PBXBuildFile; fileRef = 860906DD2301CD5B00343C4A /* Main.storyboard */; };
		860906E12301CD5C00343C4A /* Assets.xcassets in Resources */ = {isa = PBXBuildFile; fileRef = 860906E02301CD5C00343C4A /* Assets.xcassets */; };
		860906E42301CD5C00343C4A /* LaunchScreen.storyboard in Resources */ = {isa = PBXBuildFile; fileRef = 860906E22301CD5C00343C4A /* LaunchScreen.storyboard */; };
		860906EF2301D23200343C4A /* DrawViewController.swift in Sources */ = {isa = PBXBuildFile; fileRef = 860906EE2301D23200343C4A /* DrawViewController.swift */; };
/* End PBXBuildFile section */

/* Begin PBXFileReference section */
		860906D62301CD5B00343C4A /* DeskOfCards.app */ = {isa = PBXFileReference; explicitFileType = wrapper.application; includeInIndex = 0; path = DeskOfCards.app; sourceTree = BUILT_PRODUCTS_DIR; };
		860906D92301CD5B00343C4A /* AppDelegate.swift */ = {isa = PBXFileReference; lastKnownFileType = sourcecode.swift; path = AppDelegate.swift; sourceTree = "<group>"; };
		860906DE2301CD5B00343C4A /* Base */ = {isa = PBXFileReference; lastKnownFileType = file.storyboard; name = Base; path = Base.lproj/Main.storyboard; sourceTree = "<group>"; };
		860906E02301CD5C00343C4A /* Assets.xcassets */ = {isa = PBXFileReference; lastKnownFileType = folder.assetcatalog; path = Assets.xcassets; sourceTree = "<group>"; };
		860906E32301CD5C00343C4A /* Base */ = {isa = PBXFileReference; lastKnownFileType = file.storyboard; name = Base; path = Base.lproj/LaunchScreen.storyboard; sourceTree = "<group>"; };
		860906E52301CD5C00343C4A /* Info.plist */ = {isa = PBXFileReference; lastKnownFileType = text.plist.xml; path = Info.plist; sourceTree = "<group>"; };
		860906EE2301D23200343C4A /* DrawViewController.swift */ = {isa = PBXFileReference; lastKnownFileType = sourcecode.swift; path = DrawViewController.swift; sourceTree = "<group>"; };
/* End PBXFileReference section */

/* Begin PBXFrameworksBuildPhase section */
		860906D32301CD5B00343C4A /* Frameworks */ = {
			isa = PBXFrameworksBuildPhase;
			buildActionMask = 2147483647;
			files = (
			);
			runOnlyForDeploymentPostprocessing = 0;
		};
/* End PBXFrameworksBuildPhase section */

/* Begin PBXGroup section */
		860906CD2301CD5B00343C4A = {
			isa = PBXGroup;
			children = (
				860906D82301CD5B00343C4A /* DeskOfCards */,
				860906D72301CD5B00343C4A /* Products */,
			);
			sourceTree = "<group>";
		};
		860906D72301CD5B00343C4A /* Products */ = {
			isa = PBXGroup;
			children = (
				860906D62301CD5B00343C4A /* DeskOfCards.app */,
			);
			name = Products;
			sourceTree = "<group>";
		};
		860906D82301CD5B00343C4A /* DeskOfCards */ = {
			isa = PBXGroup;
			children = (
				860906ED2301D21900343C4A /* Storyboards */,
				860906F02301D23500343C4A /* Views */,
				860906EB2301D1DB00343C4A /* Models */,
				860906EC2301D1F500343C4A /* Resources */,
			);
			path = DeskOfCards;
			sourceTree = "<group>";
		};
		860906EB2301D1DB00343C4A /* Models */ = {
			isa = PBXGroup;
			children = (
			);
			name = Models;
			sourceTree = "<group>";
		};
		860906EC2301D1F500343C4A /* Resources */ = {
			isa = PBXGroup;
			children = (
				860906D92301CD5B00343C4A /* AppDelegate.swift */,
				860906E02301CD5C00343C4A /* Assets.xcassets */,
				860906E52301CD5C00343C4A /* Info.plist */,
			);
			name = Resources;
			sourceTree = "<group>";
		};
		860906ED2301D21900343C4A /* Storyboards */ = {
			isa = PBXGroup;
			children = (
				860906DD2301CD5B00343C4A /* Main.storyboard */,
				860906E22301CD5C00343C4A /* LaunchScreen.storyboard */,
			);
			name = Storyboards;
			sourceTree = "<group>";
		};
		860906F02301D23500343C4A /* Views */ = {
			isa = PBXGroup;
			children = (
				860906EE2301D23200343C4A /* DrawViewController.swift */,
			);
			name = Views;
			sourceTree = "<group>";
		};
/* End PBXGroup section */

/* Begin PBXNativeTarget section */
		860906D52301CD5B00343C4A /* DeskOfCards */ = {
			isa = PBXNativeTarget;
			buildConfigurationList = 860906E82301CD5C00343C4A /* Build configuration list for PBXNativeTarget "DeskOfCards" */;
			buildPhases = (
				860906D22301CD5B00343C4A /* Sources */,
				860906D32301CD5B00343C4A /* Frameworks */,
				860906D42301CD5B00343C4A /* Resources */,
			);
			buildRules = (
			);
			dependencies = (
			);
			name = DeskOfCards;
			productName = DeskOfCards;
			productReference = 860906D62301CD5B00343C4A /* DeskOfCards.app */;
			productType = "com.apple.product-type.application";
		};
/* End PBXNativeTarget section */

/* Begin PBXProject section */
		860906CE2301CD5B00343C4A /* Project object */ = {
			isa = PBXProject;
			attributes = {
				LastSwiftUpdateCheck = 1020;
				LastUpgradeCheck = 1020;
				ORGANIZATIONNAME = "Jax Tubbs";
				TargetAttributes = {
					860906D52301CD5B00343C4A = {
						CreatedOnToolsVersion = 10.2.1;
					};
				};
			};
			buildConfigurationList = 860906D12301CD5B00343C4A /* Build configuration list for PBXProject "DeskOfCards" */;
			compatibilityVersion = "Xcode 9.3";
			developmentRegion = en;
			hasScannedForEncodings = 0;
			knownRegions = (
				en,
				Base,
			);
			mainGroup = 860906CD2301CD5B00343C4A;
			productRefGroup = 860906D72301CD5B00343C4A /* Products */;
			projectDirPath = "";
			projectRoot = "";
			targets = (
				860906D52301CD5B00343C4A /* DeskOfCards */,
			);
		};
/* End PBXProject section */

/* Begin PBXResourcesBuildPhase section */
		860906D42301CD5B00343C4A /* Resources */ = {
			isa = PBXResourcesBuildPhase;
			buildActionMask = 2147483647;
			files = (
				860906E42301CD5C00343C4A /* LaunchScreen.storyboard in Resources */,
				860906E12301CD5C00343C4A /* Assets.xcassets in Resources */,
				860906DF2301CD5B00343C4A /* Main.storyboard in Resources */,
			);
			runOnlyForDeploymentPostprocessing = 0;
		};
/* End PBXResourcesBuildPhase section */

/* Begin PBXSourcesBuildPhase section */
		860906D22301CD5B00343C4A /* Sources */ = {
			isa = PBXSourcesBuildPhase;
			buildActionMask = 2147483647;
			files = (
				860906EF2301D23200343C4A /* DrawViewController.swift in Sources */,
				860906DA2301CD5B00343C4A /* AppDelegate.swift in Sources */,
			);
			runOnlyForDeploymentPostprocessing = 0;
		};
/* End PBXSourcesBuildPhase section */

/* Begin PBXVariantGroup section */
		860906DD2301CD5B00343C4A /* Main.storyboard */ = {
			isa = PBXVariantGroup;
			children = (
				860906DE2301CD5B00343C4A /* Base */,
			);
			name = Main.storyboard;
			sourceTree = "<group>";
		};
		860906E22301CD5C00343C4A /* LaunchScreen.storyboard */ = {
			isa = PBXVariantGroup;
			children = (
				860906E32301CD5C00343C4A /* Base */,
			);
			name = LaunchScreen.storyboard;
			sourceTree = "<group>";
		};
/* End PBXVariantGroup section */

/* Begin XCBuildConfiguration section */
		860906E62301CD5C00343C4A /* Debug */ = {
			isa = XCBuildConfiguration;
			buildSettings = {
				ALWAYS_SEARCH_USER_PATHS = NO;
				CLANG_ANALYZER_NONNULL = YES;
				CLANG_ANALYZER_NUMBER_OBJECT_CONVERSION = YES_AGGRESSIVE;
				CLANG_CXX_LANGUAGE_STANDARD = "gnu++14";
				CLANG_CXX_LIBRARY = "libc++";
				CLANG_ENABLE_MODULES = YES;
				CLANG_ENABLE_OBJC_ARC = YES;
				CLANG_ENABLE_OBJC_WEAK = YES;
				CLANG_WARN_BLOCK_CAPTURE_AUTORELEASING = YES;
				CLANG_WARN_BOOL_CONVERSION = YES;
				CLANG_WARN_COMMA = YES;
				CLANG_WARN_CONSTANT_CONVERSION = YES;
				CLANG_WARN_DEPRECATED_OBJC_IMPLEMENTATIONS = YES;
				CLANG_WARN_DIRECT_OBJC_ISA_USAGE = YES_ERROR;
				CLANG_WARN_DOCUMENTATION_COMMENTS = YES;
				CLANG_WARN_EMPTY_BODY = YES;
				CLANG_WARN_ENUM_CONVERSION = YES;
				CLANG_WARN_INFINITE_RECURSION = YES;
				CLANG_WARN_INT_CONVERSION = YES;
				CLANG_WARN_NON_LITERAL_NULL_CONVERSION = YES;
				CLANG_WARN_OBJC_IMPLICIT_RETAIN_SELF = YES;
				CLANG_WARN_OBJC_LITERAL_CONVERSION = YES;
				CLANG_WARN_OBJC_ROOT_CLASS = YES_ERROR;
				CLANG_WARN_RANGE_LOOP_ANALYSIS = YES;
				CLANG_WARN_STRICT_PROTOTYPES = YES;
				CLANG_WARN_SUSPICIOUS_MOVE = YES;
				CLANG_WARN_UNGUARDED_AVAILABILITY = YES_AGGRESSIVE;
				CLANG_WARN_UNREACHABLE_CODE = YES;
				CLANG_WARN__DUPLICATE_METHOD_MATCH = YES;
				CODE_SIGN_IDENTITY = "iPhone Developer";
				COPY_PHASE_STRIP = NO;
				DEBUG_INFORMATION_FORMAT = dwarf;
				ENABLE_STRICT_OBJC_MSGSEND = YES;
				ENABLE_TESTABILITY = YES;
				GCC_C_LANGUAGE_STANDARD = gnu11;
				GCC_DYNAMIC_NO_PIC = NO;
				GCC_NO_COMMON_BLOCKS = YES;
				GCC_OPTIMIZATION_LEVEL = 0;
				GCC_PREPROCESSOR_DEFINITIONS = (
					"DEBUG=1",
					"$(inherited)",
				);
				GCC_WARN_64_TO_32_BIT_CONVERSION = YES;
				GCC_WARN_ABOUT_RETURN_TYPE = YES_ERROR;
				GCC_WARN_UNDECLARED_SELECTOR = YES;
				GCC_WARN_UNINITIALIZED_AUTOS = YES_AGGRESSIVE;
				GCC_WARN_UNUSED_FUNCTION = YES;
				GCC_WARN_UNUSED_VARIABLE = YES;
				IPHONEOS_DEPLOYMENT_TARGET = 12.2;
				MTL_ENABLE_DEBUG_INFO = INCLUDE_SOURCE;
				MTL_FAST_MATH = YES;
				ONLY_ACTIVE_ARCH = YES;
				SDKROOT = iphoneos;
				SWIFT_ACTIVE_COMPILATION_CONDITIONS = DEBUG;
				SWIFT_OPTIMIZATION_LEVEL = "-Onone";
			};
			name = Debug;
		};
		860906E72301CD5C00343C4A /* Release */ = {
			isa = XCBuildConfiguration;
			buildSettings = {
				ALWAYS_SEARCH_USER_PATHS = NO;
				CLANG_ANALYZER_NONNULL = YES;
				CLANG_ANALYZER_NUMBER_OBJECT_CONVERSION = YES_AGGRESSIVE;
				CLANG_CXX_LANGUAGE_STANDARD = "gnu++14";
				CLANG_CXX_LIBRARY = "libc++";
				CLANG_ENABLE_MODULES = YES;
				CLANG_ENABLE_OBJC_ARC = YES;
				CLANG_ENABLE_OBJC_WEAK = YES;
				CLANG_WARN_BLOCK_CAPTURE_AUTORELEASING = YES;
				CLANG_WARN_BOOL_CONVERSION = YES;
				CLANG_WARN_COMMA = YES;
				CLANG_WARN_CONSTANT_CONVERSION = YES;
				CLANG_WARN_DEPRECATED_OBJC_IMPLEMENTATIONS = YES;
				CLANG_WARN_DIRECT_OBJC_ISA_USAGE = YES_ERROR;
				CLANG_WARN_DOCUMENTATION_COMMENTS = YES;
				CLANG_WARN_EMPTY_BODY = YES;
				CLANG_WARN_ENUM_CONVERSION = YES;
				CLANG_WARN_INFINITE_RECURSION = YES;
				CLANG_WARN_INT_CONVERSION = YES;
				CLANG_WARN_NON_LITERAL_NULL_CONVERSION = YES;
				CLANG_WARN_OBJC_IMPLICIT_RETAIN_SELF = YES;
				CLANG_WARN_OBJC_LITERAL_CONVERSION = YES;
				CLANG_WARN_OBJC_ROOT_CLASS = YES_ERROR;
				CLANG_WARN_RANGE_LOOP_ANALYSIS = YES;
				CLANG_WARN_STRICT_PROTOTYPES = YES;
				CLANG_WARN_SUSPICIOUS_MOVE = YES;
				CLANG_WARN_UNGUARDED_AVAILABILITY = YES_AGGRESSIVE;
				CLANG_WARN_UNREACHABLE_CODE = YES;
				CLANG_WARN__DUPLICATE_METHOD_MATCH = YES;
				CODE_SIGN_IDENTITY = "iPhone Developer";
				COPY_PHASE_STRIP = NO;
				DEBUG_INFORMATION_FORMAT = "dwarf-with-dsym";
				ENABLE_NS_ASSERTIONS = NO;
				ENABLE_STRICT_OBJC_MSGSEND = YES;
				GCC_C_LANGUAGE_STANDARD = gnu11;
				GCC_NO_COMMON_BLOCKS = YES;
				GCC_WARN_64_TO_32_BIT_CONVERSION = YES;
				GCC_WARN_ABOUT_RETURN_TYPE = YES_ERROR;
				GCC_WARN_UNDECLARED_SELECTOR = YES;
				GCC_WARN_UNINITIALIZED_AUTOS = YES_AGGRESSIVE;
				GCC_WARN_UNUSED_FUNCTION = YES;
				GCC_WARN_UNUSED_VARIABLE = YES;
				IPHONEOS_DEPLOYMENT_TARGET = 12.2;
				MTL_ENABLE_DEBUG_INFO = NO;
				MTL_FAST_MATH = YES;
				SDKROOT = iphoneos;
				SWIFT_COMPILATION_MODE = wholemodule;
				SWIFT_OPTIMIZATION_LEVEL = "-O";
				VALIDATE_PRODUCT = YES;
			};
			name = Release;
		};
		860906E92301CD5C00343C4A /* Debug */ = {
			isa = XCBuildConfiguration;
			buildSettings = {
				ASSETCATALOG_COMPILER_APPICON_NAME = AppIcon;
				CODE_SIGN_STYLE = Automatic;
				DEVELOPMENT_TEAM = 2WP5X762NJ;
				INFOPLIST_FILE = DeskOfCards/Info.plist;
				LD_RUNPATH_SEARCH_PATHS = (
					"$(inherited)",
					"@executable_path/Frameworks",
				);
				PRODUCT_BUNDLE_IDENTIFIER = Decknot.DeskOfCards;
				PRODUCT_NAME = "$(TARGET_NAME)";
				SWIFT_VERSION = 5.0;
				TARGETED_DEVICE_FAMILY = "1,2";
			};
			name = Debug;
		};
		860906EA2301CD5C00343C4A /* Release */ = {
			isa = XCBuildConfiguration;
			buildSettings = {
				ASSETCATALOG_COMPILER_APPICON_NAME = AppIcon;
				CODE_SIGN_STYLE = Automatic;
				DEVELOPMENT_TEAM = 2WP5X762NJ;
				INFOPLIST_FILE = DeskOfCards/Info.plist;
				LD_RUNPATH_SEARCH_PATHS = (
					"$(inherited)",
					"@executable_path/Frameworks",
				);
				PRODUCT_BUNDLE_IDENTIFIER = Decknot.DeskOfCards;
				PRODUCT_NAME = "$(TARGET_NAME)";
				SWIFT_VERSION = 5.0;
				TARGETED_DEVICE_FAMILY = "1,2";
			};
			name = Release;
		};
/* End XCBuildConfiguration section */

/* Begin XCConfigurationList section */
		860906D12301CD5B00343C4A /* Build configuration list for PBXProject "DeskOfCards" */ = {
			isa = XCConfigurationList;
			buildConfigurations = (
				860906E62301CD5C00343C4A /* Debug */,
				860906E72301CD5C00343C4A /* Release */,
			);
			defaultConfigurationIsVisible = 0;
			defaultConfigurationName = Release;
		};
		860906E82301CD5C00343C4A /* Build configuration list for PBXNativeTarget "DeskOfCards" */ = {
			isa = XCConfigurationList;
			buildConfigurations = (
				860906E92301CD5C00343C4A /* Debug */,
				860906EA2301CD5C00343C4A /* Release */,
			);
			defaultConfigurationIsVisible = 0;
			defaultConfigurationName = Release;
		};
/* End XCConfigurationList section */
	};
	rootObject = 860906CE2301CD5B00343C4A /* Project object */;
}
